
Microsoft Visual Studio Solution File, Format Version 12.00
# Visual Studio Version 17
VisualStudioVersion = 17.7.34031.279
MinimumVisualStudioVersion = 10.0.40219.1
Project("{FAE04EC0-301F-11D3-BF4B-00C04F79EFBC}") = "Week5Kapanis", "Week5Kapanis\Week5Kapanis.csproj", "{14C896D6-2470-43A0-B505-C20CE60E1B36}"
EndProject
Global
	GlobalSection(SolutionConfigurationPlatforms) = preSolution
		Debug|Any CPU = Debug|Any CPU
		Release|Any CPU = Release|Any CPU
	EndGlobalSection
	GlobalSection(ProjectConfigurationPlatforms) = postSolution
		{14C896D6-2470-43A0-B505-C20CE60E1B36}.Debug|Any CPU.ActiveCfg = Debug|Any CPU
		{14C896D6-2470-43A0-B505-C20CE60E1B36}.Debug|Any CPU.Build.0 = Debug|Any CPU
		{14C896D6-2470-43A0-B505-C20CE60E1B36}.Release|Any CPU.ActiveCfg = Release|Any CPU
		{14C896D6-2470-43A0-B505-C20CE60E1B36}.Release|Any CPU.Build.0 = Release|Any CPU
	EndGlobalSection
	GlobalSection(SolutionProperties) = preSolution
		HideSolutionNode = FALSE
	EndGlobalSection
	GlobalSection(ExtensibilityGlobals) = postSolution
		SolutionGuid = {57B1A7FB-1E15-46E9-970E-1684414A3900}
	EndGlobalSection
EndGlobal
